
Microsoft Visual Studio Solution File, Format Version 12.00
# Visual Studio Version 17
VisualStudioVersion = 17.3.32929.385
MinimumVisualStudioVersion = 10.0.40219.1
Project("{FAE04EC0-301F-11D3-BF4B-00C04F79EFBC}") = "HashTableDemoUC3", "HashTableDemoUC3\HashTableDemoUC3.csproj", "{95CA88C9-280A-4C6B-A665-D17BDC7FACEC}"
EndProject
Global
	GlobalSection(SolutionConfigurationPlatforms) = preSolution
		Debug|Any CPU = Debug|Any CPU
		Release|Any CPU = Release|Any CPU
	EndGlobalSection
	GlobalSection(ProjectConfigurationPlatforms) = postSolution
		{95CA88C9-280A-4C6B-A665-D17BDC7FACEC}.Debug|Any CPU.ActiveCfg = Debug|Any CPU
		{95CA88C9-280A-4C6B-A665-D17BDC7FACEC}.Debug|Any CPU.Build.0 = Debug|Any CPU
		{95CA88C9-280A-4C6B-A665-D17BDC7FACEC}.Release|Any CPU.ActiveCfg = Release|Any CPU
		{95CA88C9-280A-4C6B-A665-D17BDC7FACEC}.Release|Any CPU.Build.0 = Release|Any CPU
	EndGlobalSection
	GlobalSection(SolutionProperties) = preSolution
		HideSolutionNode = FALSE
	EndGlobalSection
	GlobalSection(ExtensibilityGlobals) = postSolution
		SolutionGuid = {69EB6D9E-0A90-4383-ABF7-DD8940B157EE}
	EndGlobalSection
EndGlobal
