
Microsoft Visual Studio Solution File, Format Version 12.00
# Visual Studio Version 17
VisualStudioVersion = 17.3.32929.385
MinimumVisualStudioVersion = 10.0.40219.1
Project("{FAE04EC0-301F-11D3-BF4B-00C04F79EFBC}") = "HashTableDemoUC2", "HashTableDemoUC2\HashTableDemoUC2.csproj", "{47A33091-AE5E-4422-ABEB-D69D01BC3ADB}"
EndProject
Global
	GlobalSection(SolutionConfigurationPlatforms) = preSolution
		Debug|Any CPU = Debug|Any CPU
		Release|Any CPU = Release|Any CPU
	EndGlobalSection
	GlobalSection(ProjectConfigurationPlatforms) = postSolution
		{47A33091-AE5E-4422-ABEB-D69D01BC3ADB}.Debug|Any CPU.ActiveCfg = Debug|Any CPU
		{47A33091-AE5E-4422-ABEB-D69D01BC3ADB}.Debug|Any CPU.Build.0 = Debug|Any CPU
		{47A33091-AE5E-4422-ABEB-D69D01BC3ADB}.Release|Any CPU.ActiveCfg = Release|Any CPU
		{47A33091-AE5E-4422-ABEB-D69D01BC3ADB}.Release|Any CPU.Build.0 = Release|Any CPU
	EndGlobalSection
	GlobalSection(SolutionProperties) = preSolution
		HideSolutionNode = FALSE
	EndGlobalSection
	GlobalSection(ExtensibilityGlobals) = postSolution
		SolutionGuid = {25803E79-942F-4BB0-9652-609DA7B4800C}
	EndGlobalSection
EndGlobal
